
Microsoft Visual Studio Solution File, Format Version 9.00
# Visual Studio 2005
Project("{FAE04EC0-301F-11D3-BF4B-00C04F79EFBC}") = "PSDrapAndDrop", "PSDrapAndDrop\PSDrapAndDrop.csproj", "{D0C9B5B0-C80C-4E82-9D37-68D27E5814B8}"
EndProject
Global
	GlobalSection(SolutionConfigurationPlatforms) = preSolution
		Debug|Any CPU = Debug|Any CPU
		Release|Any CPU = Release|Any CPU
	EndGlobalSection
	GlobalSection(ProjectConfigurationPlatforms) = postSolution
		{D0C9B5B0-C80C-4E82-9D37-68D27E5814B8}.Debug|Any CPU.ActiveCfg = Debug|Any CPU
		{D0C9B5B0-C80C-4E82-9D37-68D27E5814B8}.Debug|Any CPU.Build.0 = Debug|Any CPU
		{D0C9B5B0-C80C-4E82-9D37-68D27E5814B8}.Release|Any CPU.ActiveCfg = Release|Any CPU
		{D0C9B5B0-C80C-4E82-9D37-68D27E5814B8}.Release|Any CPU.Build.0 = Release|Any CPU
	EndGlobalSection
	GlobalSection(SolutionProperties) = preSolution
		HideSolutionNode = FALSE
	EndGlobalSection
EndGlobal
